schema: '2.0'
stages:
  data_ingestion:
    cmd: python src/data/data_ingestion.py
    deps:
    - path: src/data/data_ingestion.py
      hash: md5
      md5: 30f741ca921b038cbc58e677c0c4114d
      size: 4334
    params:
      params.yaml:
        data_ingestion.test_size: 0.2
    outs:
    - path: data/raw
      hash: md5
      md5: e13bcce40396cd334c8a7a334868166a.dir
      size: 6919701
      nfiles: 2
  data_preprocessing:
    cmd: python src/data/data_preprocessing.py
    deps:
    - path: data/raw/test.csv
      hash: md5
      md5: ea97ba82a4a25627bf4ffb52572484ea
      size: 1348612
    - path: data/raw/train.csv
      hash: md5
      md5: 1bd422dd6d135bced1d6c64a3e84a45d
      size: 5571089
    - path: src/data/advanced_preprocessing.py
      hash: md5
      md5: 10fcd0dec36af96598a60af0622e258b
      size: 14776
    - path: src/data/data_preprocessing.py
      hash: md5
      md5: f3b126ce6f2e0b5ac6af5b0b04d3bcd8
      size: 11251
    - path: src/data/data_quality_validator.py
      hash: md5
      md5: bdddc1a358f5323a87ad4deed616ee13
      size: 16696
    - path: src/data/enhanced_data_pipeline.py
      hash: md5
      md5: 41619b3a56f1f0c479b73e14706f9717
      size: 23388
    params:
      params.yaml:
        data_preprocessing.enable_ab_testing: false
        data_preprocessing.enable_enhanced_pipeline: true
        data_preprocessing.enable_mlflow_logging: true
        data_preprocessing.language_filter: en
        data_preprocessing.preprocessing_mode: conservative
        data_preprocessing.processing_strategy: balanced
        data_preprocessing.quality_threshold: 0.6
    outs:
    - path: data/interim/test_processed.csv
      hash: md5
      md5: 296668a19f551238b75887bd7a80e140
      size: 507921
    - path: data/interim/test_quality_report.json
      hash: md5
      md5: 232741c54ec81ce64d25f5b01d494fb2
      size: 981
    - path: data/interim/train_processed.csv
      hash: md5
      md5: 16a1339d31347ed699dfd7b57d35fb4a
      size: 2051692
    - path: data/interim/train_quality_report.json
      hash: md5
      md5: e11207a08ad90ef9636f334361b6ef13
      size: 1053
  model_building:
    cmd: python src/model/model_building.py
    deps:
    - path: data/interim/train_processed.csv
      hash: md5
      md5: 16a1339d31347ed699dfd7b57d35fb4a
      size: 2051692
    - path: src/model/model_building.py
      hash: md5
      md5: 8562f8243162fcc9df2a1f285d1c74b9
      size: 6957
    params:
      params.yaml:
        model_building.learning_rate: 0.09
        model_building.max_depth: 20
        model_building.max_features: 1000
        model_building.n_estimators: 367
        model_building.ngram_range:
        - 1
        - 3
    outs:
    - path: lgbm_model.pkl
      hash: md5
      md5: df883bc447f366d2c77348a5f57ad574
      size: 3777008
    - path: tfidf_vectorizer.pkl
      hash: md5
      md5: e8c1ecf2791d9cf871a952eee8eefd2f
      size: 36630
  model_evaluation:
    cmd: python src/model/model_evaluation.py
    deps:
    - path: data/interim/test_processed.csv
      hash: md5
      md5: 296668a19f551238b75887bd7a80e140
      size: 507921
    - path: data/interim/train_processed.csv
      hash: md5
      md5: 16a1339d31347ed699dfd7b57d35fb4a
      size: 2051692
    - path: lgbm_model.pkl
      hash: md5
      md5: df883bc447f366d2c77348a5f57ad574
      size: 3777008
    - path: src/model/model_evaluation.py
      hash: md5
      md5: 6434114b04195837d3a4f693e3a385e6
      size: 7565
    - path: tfidf_vectorizer.pkl
      hash: md5
      md5: e8c1ecf2791d9cf871a952eee8eefd2f
      size: 36630
    outs:
    - path: experiment_info.json
      hash: md5
      md5: 7af463cb1aea6ab42b57986600f3509d
      size: 181
  data_quality_analysis:
    cmd: python src/data/quality_analysis.py
    deps:
    - path: data/interim/test_quality_report.json
      hash: md5
      md5: 232741c54ec81ce64d25f5b01d494fb2
      size: 981
    - path: data/interim/train_quality_report.json
      hash: md5
      md5: e11207a08ad90ef9636f334361b6ef13
      size: 1053
    - path: src/data/quality_analysis.py
      hash: md5
      md5: 06334084c1401fefe3858f3aeada320e
      size: 9907
    outs:
    - path: data/reports/quality_analysis.html
      hash: md5
      md5: b46d51397b5a7c531a1a679ee99ac578
      size: 2947
    - path: data/reports/quality_metrics.json
      hash: md5
      md5: 320bb7c2aa3735472101b9f459c8219f
      size: 430
  model_registration:
    cmd: python src/model/register_model.py
    deps:
    - path: experiment_info.json
      hash: md5
      md5: 7af463cb1aea6ab42b57986600f3509d
      size: 181
    - path: src/model/register_model.py
      hash: md5
      md5: f85da791cc7a20042b55960ba7f061a4
      size: 3248
  feature_extraction:
    cmd: python src/features/extract_features.py
    deps:
    - path: data/interim/test_processed.csv
      hash: md5
      md5: 296668a19f551238b75887bd7a80e140
      size: 507921
    - path: data/interim/train_processed.csv
      hash: md5
      md5: 16a1339d31347ed699dfd7b57d35fb4a
      size: 2051692
    - path: src/features/extract_features.py
      hash: md5
      md5: ad49999f5208974691e063683943bf80
      size: 4237
    - path: src/features/feature_engine.py
      hash: md5
      md5: 0a1d4c6852ac0249fac33db360d6e44c
      size: 58480
    params:
      params.yaml:
        feature_extraction.embedding_dim: 100
        feature_extraction.tfidf_max_features: 5000
    outs:
    - path: data/features/extracted_features.pkl
      hash: md5
      md5: a313b2eaceec54fc0f4128bbb50d4cff
      size: 501020349
